
Microsoft Visual Studio Solution File, Format Version 12.00
# Visual Studio Version 16
VisualStudioVersion = 16.0.31205.134
MinimumVisualStudioVersion = 10.0.40219.1
Project("{FAE04EC0-301F-11D3-BF4B-00C04F79EFBC}") = "my-books", "my-books.csproj", "{97F32E07-58F3-4B58-92A2-55C6C3A64572}"
EndProject
Global
	GlobalSection(SolutionConfigurationPlatforms) = preSolution
		Debug|Any CPU = Debug|Any CPU
		Release|Any CPU = Release|Any CPU
	EndGlobalSection
	GlobalSection(ProjectConfigurationPlatforms) = postSolution
		{97F32E07-58F3-4B58-92A2-55C6C3A64572}.Debug|Any CPU.ActiveCfg = Debug|Any CPU
		{97F32E07-58F3-4B58-92A2-55C6C3A64572}.Debug|Any CPU.Build.0 = Debug|Any CPU
		{97F32E07-58F3-4B58-92A2-55C6C3A64572}.Release|Any CPU.ActiveCfg = Release|Any CPU
		{97F32E07-58F3-4B58-92A2-55C6C3A64572}.Release|Any CPU.Build.0 = Release|Any CPU
	EndGlobalSection
	GlobalSection(SolutionProperties) = preSolution
		HideSolutionNode = FALSE
	EndGlobalSection
	GlobalSection(ExtensibilityGlobals) = postSolution
		SolutionGuid = {AF3BA285-028F-4A45-94D1-D07378BD574B}
	EndGlobalSection
EndGlobal
